<?xml version="1.0" encoding="utf-8"?>
<Project ToolsVersion="4.0" xmlns="http://schemas.microsoft.com/developer/msbuild/2003">
  <ItemGroup>
    <Filter Include="Source Files">
      <UniqueIdentifier>{4FC737F1-C7A5-4376-A066-2A32D752A2FF}</UniqueIdentifier>
      <Extensions>cpp;c;cc;cxx;c++;cppm;ixx;def;odl;idl;hpj;bat;asm;asmx</Extensions>
    </Filter>
    <Filter Include="Resource Files">
      <UniqueIdentifier>{67DA6AB6-F800-4c08-8B7A-83BB121AAD01}</UniqueIdentifier>
      <Extensions>rc;ico;cur;bmp;dlg;rc2;rct;bin;rgs;gif;jpg;jpeg;jpe;resx;tiff;tif;png;wav;mfcribbon-ms</Extensions>
    </Filter>
    <Filter Include="Source Files\chese">
      <UniqueIdentifier>{69ad27ec-c902-484c-b1a5-a415357146b8}</UniqueIdentifier>
    </Filter>
    <Filter Include="Source Files\gui">
      <UniqueIdentifier>{ab0ee07b-4ed4-482c-b2a8-d11ecb05788b}</UniqueIdentifier>
    </Filter>
    <Filter Include="Source Files\protects">
      <UniqueIdentifier>{4f688cee-221a-4079-b846-5ad3d5687f51}</UniqueIdentifier>
    </Filter>
    <Filter Include="Header Files">
      <UniqueIdentifier>{93995380-89BD-4b04-88EB-625FBE52EBFB}</UniqueIdentifier>
      <Extensions>h;hh;hpp;hxx;h++;hm;inl;inc;ipp;xsd</Extensions>
    </Filter>
    <Filter Include="Header Files\Protection">
      <UniqueIdentifier>{587eab74-13d3-4764-9f32-49b7924744df}</UniqueIdentifier>
    </Filter>
  </ItemGroup>
  <ItemGroup>
    <ClCompile Include="imgai\imgui.cpp">
      <Filter>Source Files\gui</Filter>
    </ClCompile>
    <ClCompile Include="imgai\imgui_demo.cpp">
      <Filter>Source Files\gui</Filter>
    </ClCompile>
    <ClCompile Include="imgai\imgui_draw.cpp">
      <Filter>Source Files\gui</Filter>
    </ClCompile>
    <ClCompile Include="imgai\imgui_impl_dx11.cpp">
      <Filter>Source Files\gui</Filter>
    </ClCompile>
    <ClCompile Include="imgai\imgui_impl_win32.cpp">
      <Filter>Source Files\gui</Filter>
    </ClCompile>
    <ClCompile Include="imgai\imgui_tables.cpp">
      <Filter>Source Files\gui</Filter>
    </ClCompile>
    <ClCompile Include="imgai\imgui_widgets.cpp">
      <Filter>Source Files\gui</Filter>
    </ClCompile>
    <ClCompile Include="main.cpp" />
  </ItemGroup>
  <ItemGroup>
    <ClInclude Include="skStr.h">
      <Filter>Header Files\Protection</Filter>
    </ClInclude>
    <ClInclude Include="Config.hpp">
      <Filter>Source Files\chese</Filter>
    </ClInclude>
    <ClInclude Include="Overwatch.hpp">
      <Filter>Source Files\chese</Filter>
    </ClInclude>
    <ClInclude Include="SDK.hpp">
      <Filter>Source Files\chese</Filter>
    </ClInclude>
    <ClInclude Include="Target.hpp">
      <Filter>Source Files\chese</Filter>
    </ClInclude>
    <ClInclude Include="Vector.hpp">
      <Filter>Source Files\chese</Filter>
    </ClInclude>
    <ClInclude Include="imgai\imconfig.h">
      <Filter>Source Files\gui</Filter>
    </ClInclude>
    <ClInclude Include="imgai\imgui.h">
      <Filter>Source Files\gui</Filter>
    </ClInclude>
    <ClInclude Include="imgai\imgui_impl_dx11.h">
      <Filter>Source Files\gui</Filter>
    </ClInclude>
    <ClInclude Include="imgai\imgui_impl_win32.h">
      <Filter>Source Files\gui</Filter>
    </ClInclude>
    <ClInclude Include="imgai\imgui_internal.h">
      <Filter>Source Files\gui</Filter>
    </ClInclude>
    <ClInclude Include="imgai\imstb_rectpack.h">
      <Filter>Source Files\gui</Filter>
    </ClInclude>
    <ClInclude Include="imgai\imstb_textedit.h">
      <Filter>Source Files\gui</Filter>
    </ClInclude>
    <ClInclude Include="imgai\imstb_truetype.h">
      <Filter>Source Files\gui</Filter>
    </ClInclude>
    <ClInclude Include="xor.hpp">
      <Filter>Source Files\protects</Filter>
    </ClInclude>
    <ClInclude Include="Renderer.hpp">
      <Filter>Source Files\chese</Filter>
    </ClInclude>
    <ClInclude Include="includes.hpp">
      <Filter>Source Files\chese</Filter>
    </ClInclude>
    <ClInclude Include="safecallez.h">
      <Filter>Source Files\chese</Filter>
    </ClInclude>
    <ClInclude Include="offsets.hpp" />
  </ItemGroup>
</Project>